PODS:
  - CTPanoramaView (1.5)
  - XLPagerTabStrip (9.0.0)

DEPENDENCIES:
  - CTPanoramaView (~> 1.5)
  - XLPagerTabStrip (~> 9.0)

SPEC REPOS:
  trunk:
    - CTPanoramaView
    - XLPagerTabStrip

SPEC CHECKSUMS:
  CTPanoramaView: f7af526aaffedb2d52e87112ee0d57bb115eb6a2
  XLPagerTabStrip: 61c57fd61f611ee5f01ff1495ad6fbee8bf496c5

PODFILE CHECKSUM: 3938852c384269234e07d53c3523077347ee15b6

COCOAPODS: 1.12.1
